
Microsoft Visual Studio Solution File, Format Version 12.00
# Visual Studio 2012
Project("{FAE04EC0-301F-11D3-BF4B-00C04F79EFBC}") = "MotoringCanonicalUrls", "MotoringCanonicalUrls\MotoringCanonicalUrls.csproj", "{B1F3EB92-67F8-481A-A2C5-C58DC026F533}"
EndProject
Global
	GlobalSection(SolutionConfigurationPlatforms) = preSolution
		Debug|Any CPU = Debug|Any CPU
		Release|Any CPU = Release|Any CPU
	EndGlobalSection
	GlobalSection(ProjectConfigurationPlatforms) = postSolution
		{B1F3EB92-67F8-481A-A2C5-C58DC026F533}.Debug|Any CPU.ActiveCfg = Debug|Any CPU
		{B1F3EB92-67F8-481A-A2C5-C58DC026F533}.Debug|Any CPU.Build.0 = Debug|Any CPU
		{B1F3EB92-67F8-481A-A2C5-C58DC026F533}.Release|Any CPU.ActiveCfg = Release|Any CPU
		{B1F3EB92-67F8-481A-A2C5-C58DC026F533}.Release|Any CPU.Build.0 = Release|Any CPU
	EndGlobalSection
	GlobalSection(SolutionProperties) = preSolution
		HideSolutionNode = FALSE
	EndGlobalSection
EndGlobal
